
Microsoft Visual Studio Solution File, Format Version 12.00
# Visual Studio Express 2013 for Windows Desktop
VisualStudioVersion = 12.0.21005.1
MinimumVisualStudioVersion = 10.0.40219.1
Project("{FAE04EC0-301F-11D3-BF4B-00C04F79EFBC}") = "zut", "zut\zut.csproj", "{AA557199-CA45-4581-8822-6ECF9EFB80A3}"
EndProject
Project("{FAE04EC0-301F-11D3-BF4B-00C04F79EFBC}") = "zuTest", "zuTest\zuTest.csproj", "{EF436538-8ADB-4427-B439-F26693E37A33}"
EndProject
Global
	GlobalSection(SolutionConfigurationPlatforms) = preSolution
		Debug|Any CPU = Debug|Any CPU
		Release|Any CPU = Release|Any CPU
	EndGlobalSection
	GlobalSection(ProjectConfigurationPlatforms) = postSolution
		{AA557199-CA45-4581-8822-6ECF9EFB80A3}.Debug|Any CPU.ActiveCfg = Debug|Any CPU
		{AA557199-CA45-4581-8822-6ECF9EFB80A3}.Debug|Any CPU.Build.0 = Debug|Any CPU
		{AA557199-CA45-4581-8822-6ECF9EFB80A3}.Release|Any CPU.ActiveCfg = Release|Any CPU
		{AA557199-CA45-4581-8822-6ECF9EFB80A3}.Release|Any CPU.Build.0 = Release|Any CPU
		{EF436538-8ADB-4427-B439-F26693E37A33}.Debug|Any CPU.ActiveCfg = Debug|Any CPU
		{EF436538-8ADB-4427-B439-F26693E37A33}.Debug|Any CPU.Build.0 = Debug|Any CPU
		{EF436538-8ADB-4427-B439-F26693E37A33}.Release|Any CPU.ActiveCfg = Release|Any CPU
		{EF436538-8ADB-4427-B439-F26693E37A33}.Release|Any CPU.Build.0 = Release|Any CPU
	EndGlobalSection
	GlobalSection(SolutionProperties) = preSolution
		HideSolutionNode = FALSE
	EndGlobalSection
EndGlobal
