
Microsoft Visual Studio Solution File, Format Version 12.00
# Visual Studio 15
VisualStudioVersion = 15.0.26228.9
MinimumVisualStudioVersion = 10.0.40219.1
Project("{FAE04EC0-301F-11D3-BF4B-00C04F79EFBC}") = "zut_win", "zut_win\zut_win.csproj", "{A60A21D9-A08C-40BF-B339-9FC506E92EA4}"
	ProjectSection(ProjectDependencies) = postProject
		{6D3B33AF-6FD0-4F6B-B219-F7A4AE8E2725} = {6D3B33AF-6FD0-4F6B-B219-F7A4AE8E2725}
	EndProjectSection
EndProject
Project("{FAE04EC0-301F-11D3-BF4B-00C04F79EFBC}") = "libzut", "libzut\libzut.csproj", "{6D3B33AF-6FD0-4F6B-B219-F7A4AE8E2725}"
EndProject
Project("{FAE04EC0-301F-11D3-BF4B-00C04F79EFBC}") = "Testing", "Testing\Testing.csproj", "{F53AE318-A648-417E-9B45-EDD3880BBEE9}"
EndProject
Global
	GlobalSection(SolutionConfigurationPlatforms) = preSolution
		Debug|Any CPU = Debug|Any CPU
		Release|Any CPU = Release|Any CPU
	EndGlobalSection
	GlobalSection(ProjectConfigurationPlatforms) = postSolution
		{A60A21D9-A08C-40BF-B339-9FC506E92EA4}.Debug|Any CPU.ActiveCfg = Debug|Any CPU
		{A60A21D9-A08C-40BF-B339-9FC506E92EA4}.Debug|Any CPU.Build.0 = Debug|Any CPU
		{A60A21D9-A08C-40BF-B339-9FC506E92EA4}.Release|Any CPU.ActiveCfg = Release|Any CPU
		{A60A21D9-A08C-40BF-B339-9FC506E92EA4}.Release|Any CPU.Build.0 = Release|Any CPU
		{6D3B33AF-6FD0-4F6B-B219-F7A4AE8E2725}.Debug|Any CPU.ActiveCfg = Debug|Any CPU
		{6D3B33AF-6FD0-4F6B-B219-F7A4AE8E2725}.Debug|Any CPU.Build.0 = Debug|Any CPU
		{6D3B33AF-6FD0-4F6B-B219-F7A4AE8E2725}.Release|Any CPU.ActiveCfg = Release|Any CPU
		{6D3B33AF-6FD0-4F6B-B219-F7A4AE8E2725}.Release|Any CPU.Build.0 = Release|Any CPU
		{F53AE318-A648-417E-9B45-EDD3880BBEE9}.Debug|Any CPU.ActiveCfg = Debug|Any CPU
		{F53AE318-A648-417E-9B45-EDD3880BBEE9}.Debug|Any CPU.Build.0 = Debug|Any CPU
		{F53AE318-A648-417E-9B45-EDD3880BBEE9}.Release|Any CPU.ActiveCfg = Release|Any CPU
		{F53AE318-A648-417E-9B45-EDD3880BBEE9}.Release|Any CPU.Build.0 = Release|Any CPU
	EndGlobalSection
	GlobalSection(SolutionProperties) = preSolution
		HideSolutionNode = FALSE
	EndGlobalSection
	GlobalSection(MonoDevelopProperties) = preSolution
		Policies = $0
		$0.DotNetNamingPolicy = $1
		$1.DirectoryNamespaceAssociation = None
		$1.ResourceNamePolicy = FileFormatDefault
		$0.TextStylePolicy = $2
		$2.inheritsSet = Mono
		$2.scope = text/plain
		$2.FileWidth = 120
		$2.TabWidth = 2
		$2.IndentWidth = 2
		$2.inheritsScope = text/plain
		$0.CSharpFormattingPolicy = $3
		$3.IndentSwitchSection = True
		$3.NewLinesForBracesInProperties = True
		$3.NewLinesForBracesInAccessors = True
		$3.NewLinesForBracesInAnonymousMethods = True
		$3.NewLinesForBracesInControlBlocks = True
		$3.NewLinesForBracesInAnonymousTypes = True
		$3.NewLinesForBracesInObjectCollectionArrayInitializers = True
		$3.NewLinesForBracesInLambdaExpressionBody = True
		$3.NewLineForElse = True
		$3.NewLineForCatch = True
		$3.NewLineForFinally = True
		$3.NewLineForMembersInObjectInit = True
		$3.NewLineForMembersInAnonymousTypes = True
		$3.NewLineForClausesInQuery = True
		$3.SpacingAfterMethodDeclarationName = False
		$3.SpaceAfterMethodCallName = False
		$3.SpaceBeforeOpenSquareBracket = False
		$3.inheritsSet = Mono
		$3.inheritsScope = text/x-csharp
		$3.scope = text/x-csharp
	EndGlobalSection
EndGlobal
